
Microsoft Visual Studio Solution File, Format Version 12.00
# Visual Studio Version 16
VisualStudioVersion = 16.0.29728.190
MinimumVisualStudioVersion = 10.0.40219.1
Project("{FAE04EC0-301F-11D3-BF4B-00C04F79EFBC}") = "WindowsFormsApp9", "WindowsFormsApp9\WindowsFormsApp9.csproj", "{D70B6D82-3AD5-4337-BE9F-92DC37B0D8C6}"
EndProject
Global
	GlobalSection(SolutionConfigurationPlatforms) = preSolution
		Debug|Any CPU = Debug|Any CPU
		Release|Any CPU = Release|Any CPU
	EndGlobalSection
	GlobalSection(ProjectConfigurationPlatforms) = postSolution
		{D70B6D82-3AD5-4337-BE9F-92DC37B0D8C6}.Debug|Any CPU.ActiveCfg = Debug|Any CPU
		{D70B6D82-3AD5-4337-BE9F-92DC37B0D8C6}.Debug|Any CPU.Build.0 = Debug|Any CPU
		{D70B6D82-3AD5-4337-BE9F-92DC37B0D8C6}.Release|Any CPU.ActiveCfg = Release|Any CPU
		{D70B6D82-3AD5-4337-BE9F-92DC37B0D8C6}.Release|Any CPU.Build.0 = Release|Any CPU
	EndGlobalSection
	GlobalSection(SolutionProperties) = preSolution
		HideSolutionNode = FALSE
	EndGlobalSection
	GlobalSection(ExtensibilityGlobals) = postSolution
		SolutionGuid = {97DE0185-0AC1-4C8F-83B8-D592840B635D}
	EndGlobalSection
EndGlobal
